
Microsoft Visual Studio Solution File, Format Version 12.00
# Visual Studio 2013
VisualStudioVersion = 12.0.30723.0
MinimumVisualStudioVersion = 10.0.40219.1
Project("{2150E333-8FDC-42A3-9474-1A3956D46DE8}") = "misc", "misc", "{285AA48F-B1F5-4FAD-AE45-775454F39E6E}"
	ProjectSection(SolutionItems) = preProject
		nuget.config = nuget.config
		Orc.Toolkit.sln.DotSettings = Orc.Toolkit.sln.DotSettings
		README.md = README.md
		SolutionAssemblyInfo.cs = SolutionAssemblyInfo.cs
	EndProjectSection
EndProject
Project("{2150E333-8FDC-42A3-9474-1A3956D46DE8}") = "src", "src", "{49443148-5D59-40B3-A51E-B0F9172E178D}"
EndProject
Project("{FAE04EC0-301F-11D3-BF4B-00C04F79EFBC}") = "Orc.Toolkit.Demo.SL5", "Demo\Orc.Toolkit.Demo.SL5\Orc.Toolkit.Demo.SL5.csproj", "{9201BC27-B1E2-4F10-BFFD-064FC85B5B10}"
EndProject
Project("{FAE04EC0-301F-11D3-BF4B-00C04F79EFBC}") = "Orc.Toolkit.Demo.NET40", "Demo\Orc.Toolkit.Demo.NET40\Orc.Toolkit.Demo.NET40.csproj", "{D1D45BAB-1FDA-463E-92E0-AEB1C615727E}"
EndProject
Project("{2150E333-8FDC-42A3-9474-1A3956D46DE8}") = "lib", "lib", "{C2A6DA6E-5192-43ED-A37D-8198325111A2}"
	ProjectSection(SolutionItems) = preProject
		..\lib\repositories.config = ..\lib\repositories.config
		..\lib\RestorePackages.bat = ..\lib\RestorePackages.bat
	EndProjectSection
EndProject
Project("{2150E333-8FDC-42A3-9474-1A3956D46DE8}") = "Demo", "Demo", "{1095977C-1D35-4258-8939-C79FC58C4007}"
EndProject
Project("{FAE04EC0-301F-11D3-BF4B-00C04F79EFBC}") = "Orc.Toolkit.NET40", "Orc.Toolkit\Orc.Toolkit.NET40\Orc.Toolkit.NET40.csproj", "{307F767D-A6F7-45BB-BAD0-38755A0AF524}"
EndProject
Project("{FAE04EC0-301F-11D3-BF4B-00C04F79EFBC}") = "Orc.Toolkit.SL5", "Orc.Toolkit\Orc.Toolkit.SL5\Orc.Toolkit.SL5.csproj", "{71D43758-FD29-45EF-A614-0255FDCEC10B}"
EndProject
Project("{2150E333-8FDC-42A3-9474-1A3956D46DE8}") = "Test", "Test", "{A52BC269-2BA4-4BB0-8BE3-5D82E1E6D01B}"
EndProject
Project("{FAE04EC0-301F-11D3-BF4B-00C04F79EFBC}") = "Orc.Toolkit.Tests", "Orc.Toolkit.Tests\Orc.Toolkit.Tests.csproj", "{A84AB4DD-85D1-489E-93D9-79D77E40A0FD}"
EndProject
Global
	GlobalSection(SolutionConfigurationPlatforms) = preSolution
		Debug|Any CPU = Debug|Any CPU
		Release|Any CPU = Release|Any CPU
	EndGlobalSection
	GlobalSection(ProjectConfigurationPlatforms) = postSolution
		{9201BC27-B1E2-4F10-BFFD-064FC85B5B10}.Debug|Any CPU.ActiveCfg = Debug|Any CPU
		{9201BC27-B1E2-4F10-BFFD-064FC85B5B10}.Debug|Any CPU.Build.0 = Debug|Any CPU
		{9201BC27-B1E2-4F10-BFFD-064FC85B5B10}.Release|Any CPU.ActiveCfg = Release|Any CPU
		{9201BC27-B1E2-4F10-BFFD-064FC85B5B10}.Release|Any CPU.Build.0 = Release|Any CPU
		{D1D45BAB-1FDA-463E-92E0-AEB1C615727E}.Debug|Any CPU.ActiveCfg = Debug|Any CPU
		{D1D45BAB-1FDA-463E-92E0-AEB1C615727E}.Debug|Any CPU.Build.0 = Debug|Any CPU
		{D1D45BAB-1FDA-463E-92E0-AEB1C615727E}.Release|Any CPU.ActiveCfg = Release|Any CPU
		{D1D45BAB-1FDA-463E-92E0-AEB1C615727E}.Release|Any CPU.Build.0 = Release|Any CPU
		{307F767D-A6F7-45BB-BAD0-38755A0AF524}.Debug|Any CPU.ActiveCfg = Debug|Any CPU
		{307F767D-A6F7-45BB-BAD0-38755A0AF524}.Debug|Any CPU.Build.0 = Debug|Any CPU
		{307F767D-A6F7-45BB-BAD0-38755A0AF524}.Release|Any CPU.ActiveCfg = Release|Any CPU
		{307F767D-A6F7-45BB-BAD0-38755A0AF524}.Release|Any CPU.Build.0 = Release|Any CPU
		{71D43758-FD29-45EF-A614-0255FDCEC10B}.Debug|Any CPU.ActiveCfg = Debug|Any CPU
		{71D43758-FD29-45EF-A614-0255FDCEC10B}.Debug|Any CPU.Build.0 = Debug|Any CPU
		{71D43758-FD29-45EF-A614-0255FDCEC10B}.Release|Any CPU.ActiveCfg = Release|Any CPU
		{71D43758-FD29-45EF-A614-0255FDCEC10B}.Release|Any CPU.Build.0 = Release|Any CPU
		{A84AB4DD-85D1-489E-93D9-79D77E40A0FD}.Debug|Any CPU.ActiveCfg = Debug|Any CPU
		{A84AB4DD-85D1-489E-93D9-79D77E40A0FD}.Debug|Any CPU.Build.0 = Debug|Any CPU
		{A84AB4DD-85D1-489E-93D9-79D77E40A0FD}.Release|Any CPU.ActiveCfg = Release|Any CPU
		{A84AB4DD-85D1-489E-93D9-79D77E40A0FD}.Release|Any CPU.Build.0 = Release|Any CPU
	EndGlobalSection
	GlobalSection(SolutionProperties) = preSolution
		HideSolutionNode = FALSE
	EndGlobalSection
	GlobalSection(NestedProjects) = preSolution
		{9201BC27-B1E2-4F10-BFFD-064FC85B5B10} = {1095977C-1D35-4258-8939-C79FC58C4007}
		{D1D45BAB-1FDA-463E-92E0-AEB1C615727E} = {1095977C-1D35-4258-8939-C79FC58C4007}
		{1095977C-1D35-4258-8939-C79FC58C4007} = {49443148-5D59-40B3-A51E-B0F9172E178D}
		{307F767D-A6F7-45BB-BAD0-38755A0AF524} = {49443148-5D59-40B3-A51E-B0F9172E178D}
		{71D43758-FD29-45EF-A614-0255FDCEC10B} = {49443148-5D59-40B3-A51E-B0F9172E178D}
		{A52BC269-2BA4-4BB0-8BE3-5D82E1E6D01B} = {49443148-5D59-40B3-A51E-B0F9172E178D}
		{A84AB4DD-85D1-489E-93D9-79D77E40A0FD} = {A52BC269-2BA4-4BB0-8BE3-5D82E1E6D01B}
	EndGlobalSection
EndGlobal
